{
  "requires": true,
  "lockfileVersion": 1,
  "dependencies": {
    "gsap": {
      "version": "3.7.1",
      "resolved": "https://registry.npmjs.org/gsap/-/gsap-3.7.1.tgz",
      "integrity": "sha512-4qxuaC2yFWRjMRof5tI/7c9/+L4xMsCoqHrZAmuh+IbOokTnZyoeF0VgvcVHq3uo+/VJZCs7PTvjrFasfGl+ww=="
    },
    "react-gsap": {
      "version": "3.2.1",
      "resolved": "https://registry.npmjs.org/react-gsap/-/react-gsap-3.2.1.tgz",
      "integrity": "sha512-IX6XiN1a74hmU385yNZAYV1cFe3/Xmbg8eT99VCjmz7yzQq1qIsR47gkX5rkWeml9KmyEgiIzqArYaipPkKIbw==",
      "requires": {
        "react-is": "^16.13.1"
      }
    },
    "react-intersection-observer": {
      "version": "8.32.1",
      "resolved": "https://registry.npmjs.org/react-intersection-observer/-/react-intersection-observer-8.32.1.tgz",
      "integrity": "sha512-FOmMkMw7MeJ8FkuADpU8TRcvGuTvPB+DRkaikS1QXcWArYLCWC3mjRorq2XeRGBuqmaueOBd27PUazTu9AgInw=="
    },
    "react-is": {
      "version": "16.13.1",
      "resolved": "https://registry.npmjs.org/react-is/-/react-is-16.13.1.tgz",
      "integrity": "sha512-24e6ynE2H+OKt4kqsOvNd8kBpV65zoxbA4BVsEOB3ARVWQki/DHzaUoC5KuON/BiccDaCCTZBuOcfZs70kR8bQ=="
    },
    "vanta": {
      "version": "0.5.21",
      "resolved": "https://registry.npmjs.org/vanta/-/vanta-0.5.21.tgz",
      "integrity": "sha512-UYW6rYXVl8klFbQrhmgDMZ7SCys9hKROIuTlq5M+v6j346BPu1wqBwVRQPHiYsuooWkUYY6HSXV/9HrJBSuo6g=="
    }
  }
}
